
Microsoft Visual Studio Solution File, Format Version 11.00
# Visual Studio 2010
Project("{FAE04EC0-301F-11D3-BF4B-00C04F79EFBC}") = "ArtefactAnimatorWPFTest", "ArtefactAnimatorWPFTest\ArtefactAnimatorWPFTest.csproj", "{382147B2-8520-4386-AD9A-83D5ED9B64FB}"
EndProject
Project("{FAE04EC0-301F-11D3-BF4B-00C04F79EFBC}") = "Artefact", "Artefact\Artefact.csproj", "{58A3E1B0-FB2A-46CA-BECE-9DF3279A4CB1}"
EndProject
Global
	GlobalSection(SolutionConfigurationPlatforms) = preSolution
		Debug|Any CPU = Debug|Any CPU
		Release|Any CPU = Release|Any CPU
	EndGlobalSection
	GlobalSection(ProjectConfigurationPlatforms) = postSolution
		{382147B2-8520-4386-AD9A-83D5ED9B64FB}.Debug|Any CPU.ActiveCfg = Debug|Any CPU
		{382147B2-8520-4386-AD9A-83D5ED9B64FB}.Debug|Any CPU.Build.0 = Debug|Any CPU
		{382147B2-8520-4386-AD9A-83D5ED9B64FB}.Release|Any CPU.ActiveCfg = Release|Any CPU
		{382147B2-8520-4386-AD9A-83D5ED9B64FB}.Release|Any CPU.Build.0 = Release|Any CPU
		{58A3E1B0-FB2A-46CA-BECE-9DF3279A4CB1}.Debug|Any CPU.ActiveCfg = Debug|Any CPU
		{58A3E1B0-FB2A-46CA-BECE-9DF3279A4CB1}.Debug|Any CPU.Build.0 = Debug|Any CPU
		{58A3E1B0-FB2A-46CA-BECE-9DF3279A4CB1}.Release|Any CPU.ActiveCfg = Release|Any CPU
		{58A3E1B0-FB2A-46CA-BECE-9DF3279A4CB1}.Release|Any CPU.Build.0 = Release|Any CPU
	EndGlobalSection
	GlobalSection(SolutionProperties) = preSolution
		HideSolutionNode = FALSE
	EndGlobalSection
EndGlobal
